
Microsoft Visual Studio Solution File, Format Version 12.00
# Visual Studio Version 16
VisualStudioVersion = 16.0.30907.101
MinimumVisualStudioVersion = 10.0.40219.1
Project("{FAE04EC0-301F-11D3-BF4B-00C04F79EFBC}") = "BlazorProba.Server", "BlazorProba\Server\BlazorProba.Server.csproj", "{7456984C-A6A7-4054-994B-DA44A6201D86}"
EndProject
Project("{FAE04EC0-301F-11D3-BF4B-00C04F79EFBC}") = "BlazorProba.Client", "BlazorProba\Client\BlazorProba.Client.csproj", "{99A01B97-47DB-41A9-97B4-CFFEAA88C23D}"
EndProject
Project("{FAE04EC0-301F-11D3-BF4B-00C04F79EFBC}") = "BlazorProba.Shared", "BlazorProba\Shared\BlazorProba.Shared.csproj", "{B639249E-E140-413C-B76C-863559ED7597}"
EndProject
Global
	GlobalSection(SolutionConfigurationPlatforms) = preSolution
		Debug|Any CPU = Debug|Any CPU
		Release|Any CPU = Release|Any CPU
	EndGlobalSection
	GlobalSection(ProjectConfigurationPlatforms) = postSolution
		{7456984C-A6A7-4054-994B-DA44A6201D86}.Debug|Any CPU.ActiveCfg = Debug|Any CPU
		{7456984C-A6A7-4054-994B-DA44A6201D86}.Debug|Any CPU.Build.0 = Debug|Any CPU
		{7456984C-A6A7-4054-994B-DA44A6201D86}.Release|Any CPU.ActiveCfg = Release|Any CPU
		{7456984C-A6A7-4054-994B-DA44A6201D86}.Release|Any CPU.Build.0 = Release|Any CPU
		{99A01B97-47DB-41A9-97B4-CFFEAA88C23D}.Debug|Any CPU.ActiveCfg = Debug|Any CPU
		{99A01B97-47DB-41A9-97B4-CFFEAA88C23D}.Debug|Any CPU.Build.0 = Debug|Any CPU
		{99A01B97-47DB-41A9-97B4-CFFEAA88C23D}.Release|Any CPU.ActiveCfg = Release|Any CPU
		{99A01B97-47DB-41A9-97B4-CFFEAA88C23D}.Release|Any CPU.Build.0 = Release|Any CPU
		{B639249E-E140-413C-B76C-863559ED7597}.Debug|Any CPU.ActiveCfg = Debug|Any CPU
		{B639249E-E140-413C-B76C-863559ED7597}.Debug|Any CPU.Build.0 = Debug|Any CPU
		{B639249E-E140-413C-B76C-863559ED7597}.Release|Any CPU.ActiveCfg = Release|Any CPU
		{B639249E-E140-413C-B76C-863559ED7597}.Release|Any CPU.Build.0 = Release|Any CPU
	EndGlobalSection
	GlobalSection(SolutionProperties) = preSolution
		HideSolutionNode = FALSE
	EndGlobalSection
	GlobalSection(ExtensibilityGlobals) = postSolution
		SolutionGuid = {23A2E7A2-BF97-424B-8F37-6026E1F90A20}
	EndGlobalSection
EndGlobal
